
Microsoft Visual Studio Solution File, Format Version 12.00
# Visual Studio Version 16
VisualStudioVersion = 16.0.31129.286
MinimumVisualStudioVersion = 10.0.40219.1
Project("{FAE04EC0-301F-11D3-BF4B-00C04F79EFBC}") = "try_github", "try_github\try_github.csproj", "{D9F8C412-A7A1-420C-BA60-1A2881194915}"
EndProject
Global
	GlobalSection(SolutionConfigurationPlatforms) = preSolution
		Debug|Any CPU = Debug|Any CPU
		Release|Any CPU = Release|Any CPU
	EndGlobalSection
	GlobalSection(ProjectConfigurationPlatforms) = postSolution
		{D9F8C412-A7A1-420C-BA60-1A2881194915}.Debug|Any CPU.ActiveCfg = Debug|Any CPU
		{D9F8C412-A7A1-420C-BA60-1A2881194915}.Debug|Any CPU.Build.0 = Debug|Any CPU
		{D9F8C412-A7A1-420C-BA60-1A2881194915}.Release|Any CPU.ActiveCfg = Release|Any CPU
		{D9F8C412-A7A1-420C-BA60-1A2881194915}.Release|Any CPU.Build.0 = Release|Any CPU
	EndGlobalSection
	GlobalSection(SolutionProperties) = preSolution
		HideSolutionNode = FALSE
	EndGlobalSection
	GlobalSection(ExtensibilityGlobals) = postSolution
		SolutionGuid = {25D92E9D-DED9-4394-BB29-D27D3C64ED8D}
	EndGlobalSection
EndGlobal
